
Microsoft Visual Studio Solution File, Format Version 12.00
# Visual Studio Version 16
VisualStudioVersion = 16.0.31624.102
MinimumVisualStudioVersion = 10.0.40219.1
Project("{9A19103F-16F7-4668-BE54-9A1E7A4F7556}") = "AspNetSandBox", "AspNetSandBox\AspNetSandBox.csproj", "{2EEEA76B-C348-47ED-B816-CBA51841492D}"
EndProject
Project("{9A19103F-16F7-4668-BE54-9A1E7A4F7556}") = "AspNetSandBox.Tests", "AspNetSandBox.Tests\AspNetSandBox.Tests.csproj", "{68741684-72F5-4A0D-84B6-6162A6244357}"
EndProject
Project("{2150E333-8FDC-42A3-9474-1A3956D46DE8}") = "Solution Items", "Solution Items", "{505D688A-D548-46C2-BEA7-35002C00F8E2}"
	ProjectSection(SolutionItems) = preProject
		.editorconfig = .editorconfig
		.github\workflows\dotnet.yml = .github\workflows\dotnet.yml
		README.md = README.md
	EndProjectSection
EndProject
Global
	GlobalSection(SolutionConfigurationPlatforms) = preSolution
		Debug|Any CPU = Debug|Any CPU
		Release|Any CPU = Release|Any CPU
	EndGlobalSection
	GlobalSection(ProjectConfigurationPlatforms) = postSolution
		{2EEEA76B-C348-47ED-B816-CBA51841492D}.Debug|Any CPU.ActiveCfg = Debug|Any CPU
		{2EEEA76B-C348-47ED-B816-CBA51841492D}.Debug|Any CPU.Build.0 = Debug|Any CPU
		{2EEEA76B-C348-47ED-B816-CBA51841492D}.Release|Any CPU.ActiveCfg = Release|Any CPU
		{2EEEA76B-C348-47ED-B816-CBA51841492D}.Release|Any CPU.Build.0 = Release|Any CPU
		{68741684-72F5-4A0D-84B6-6162A6244357}.Debug|Any CPU.ActiveCfg = Debug|Any CPU
		{68741684-72F5-4A0D-84B6-6162A6244357}.Debug|Any CPU.Build.0 = Debug|Any CPU
		{68741684-72F5-4A0D-84B6-6162A6244357}.Release|Any CPU.ActiveCfg = Release|Any CPU
		{68741684-72F5-4A0D-84B6-6162A6244357}.Release|Any CPU.Build.0 = Release|Any CPU
	EndGlobalSection
	GlobalSection(SolutionProperties) = preSolution
		HideSolutionNode = FALSE
	EndGlobalSection
	GlobalSection(ExtensibilityGlobals) = postSolution
		SolutionGuid = {8B196B51-F031-42E4-8B13-8A45418C9C48}
	EndGlobalSection
EndGlobal
